
Microsoft Visual Studio Solution File, Format Version 11.00
# Visual Studio 2010
Project("{E24C65DC-7377-472B-9ABA-BC803B73C61A}") = "Blackboard Test Generator", "Blackboard Test Generator\", "{1B493C7A-D720-41CF-9C84-ED127BF5DF50}"
	ProjectSection(WebsiteProperties) = preProject
		TargetFrameworkMoniker = ".NETFramework,Version%3Dv4.0"
		ProjectReferences = "{500B7979-5EA3-49BC-9D74-DCABB16304E1}|QuizParser.dll;"
		Debug.AspNetCompiler.VirtualPath = "/Blackboard Test Generator"
		Debug.AspNetCompiler.PhysicalPath = "Blackboard Test Generator\"
		Debug.AspNetCompiler.TargetPath = "PrecompiledWeb\Blackboard Test Generator\"
		Debug.AspNetCompiler.Updateable = "true"
		Debug.AspNetCompiler.ForceOverwrite = "true"
		Debug.AspNetCompiler.FixedNames = "false"
		Debug.AspNetCompiler.Debug = "True"
		Release.AspNetCompiler.VirtualPath = "/Blackboard Test Generator"
		Release.AspNetCompiler.PhysicalPath = "Blackboard Test Generator\"
		Release.AspNetCompiler.TargetPath = "PrecompiledWeb\Blackboard Test Generator\"
		Release.AspNetCompiler.Updateable = "true"
		Release.AspNetCompiler.ForceOverwrite = "true"
		Release.AspNetCompiler.FixedNames = "false"
		Release.AspNetCompiler.Debug = "False"
		VWDPort = "18405"
	EndProjectSection
EndProject
Project("{FAE04EC0-301F-11D3-BF4B-00C04F79EFBC}") = "QuizParseLibrary", "QuizParser\QuizParseLibrary.csproj", "{500B7979-5EA3-49BC-9D74-DCABB16304E1}"
EndProject
Global
	GlobalSection(SolutionConfigurationPlatforms) = preSolution
		Debug|Any CPU = Debug|Any CPU
		Release|Any CPU = Release|Any CPU
	EndGlobalSection
	GlobalSection(ProjectConfigurationPlatforms) = postSolution
		{1B493C7A-D720-41CF-9C84-ED127BF5DF50}.Debug|Any CPU.ActiveCfg = Debug|Any CPU
		{1B493C7A-D720-41CF-9C84-ED127BF5DF50}.Debug|Any CPU.Build.0 = Debug|Any CPU
		{1B493C7A-D720-41CF-9C84-ED127BF5DF50}.Release|Any CPU.ActiveCfg = Debug|Any CPU
		{1B493C7A-D720-41CF-9C84-ED127BF5DF50}.Release|Any CPU.Build.0 = Debug|Any CPU
		{500B7979-5EA3-49BC-9D74-DCABB16304E1}.Debug|Any CPU.ActiveCfg = Debug|Any CPU
		{500B7979-5EA3-49BC-9D74-DCABB16304E1}.Debug|Any CPU.Build.0 = Debug|Any CPU
		{500B7979-5EA3-49BC-9D74-DCABB16304E1}.Release|Any CPU.ActiveCfg = Release|Any CPU
		{500B7979-5EA3-49BC-9D74-DCABB16304E1}.Release|Any CPU.Build.0 = Release|Any CPU
	EndGlobalSection
	GlobalSection(SolutionProperties) = preSolution
		HideSolutionNode = FALSE
	EndGlobalSection
EndGlobal
